
Microsoft Visual Studio Solution File, Format Version 12.00
# Visual Studio Version 17
VisualStudioVersion = 17.1.32407.343
MinimumVisualStudioVersion = 10.0.40219.1
Project("{FAE04EC0-301F-11D3-BF4B-00C04F79EFBC}") = "SNAKEandLADDERapr", "SNAKEandLADDERapr.csproj", "{0EDAF84B-719D-4B7C-8A87-E9A053C7A290}"
EndProject
Global
	GlobalSection(SolutionConfigurationPlatforms) = preSolution
		Debug|Any CPU = Debug|Any CPU
		Release|Any CPU = Release|Any CPU
	EndGlobalSection
	GlobalSection(ProjectConfigurationPlatforms) = postSolution
		{0EDAF84B-719D-4B7C-8A87-E9A053C7A290}.Debug|Any CPU.ActiveCfg = Debug|Any CPU
		{0EDAF84B-719D-4B7C-8A87-E9A053C7A290}.Debug|Any CPU.Build.0 = Debug|Any CPU
		{0EDAF84B-719D-4B7C-8A87-E9A053C7A290}.Release|Any CPU.ActiveCfg = Release|Any CPU
		{0EDAF84B-719D-4B7C-8A87-E9A053C7A290}.Release|Any CPU.Build.0 = Release|Any CPU
	EndGlobalSection
	GlobalSection(SolutionProperties) = preSolution
		HideSolutionNode = FALSE
	EndGlobalSection
	GlobalSection(ExtensibilityGlobals) = postSolution
		SolutionGuid = {0546944E-FCDE-436F-AC5A-290712D19BFE}
	EndGlobalSection
EndGlobal
